// !$*UTF8*$!
{
	archiveVersion = 1;
	classes = {
	};
	objectVersion = 56;
	objects = {

/* Begin PBXBuildFile section */
		C51BEFAC295F88D500D05637 /* SearchCellHeader.swift in Sources */ = {isa = PBXBuildFile; fileRef = C51BEFAB295F88D500D05637 /* SearchCellHeader.swift */; };
		C524837E295B0FB5003009EB /* ClosePlayerView.swift in Sources */ = {isa = PBXBuildFile; fileRef = C524837D295B0FB5003009EB /* ClosePlayerView.swift */; };
		C5248389295B2DCC003009EB /* FullPlayerView.swift in Sources */ = {isa = PBXBuildFile; fileRef = C5248388295B2DCC003009EB /* FullPlayerView.swift */; };
		C524838C295B5422003009EB /* CustomButtonView.swift in Sources */ = {isa = PBXBuildFile; fileRef = C524838B295B5422003009EB /* CustomButtonView.swift */; };
		C524838E295B7EC2003009EB /* CircleButtonView.swift in Sources */ = {isa = PBXBuildFile; fileRef = C524838D295B7EC2003009EB /* CircleButtonView.swift */; };
		C5248390295B8164003009EB /* GradientView.swift in Sources */ = {isa = PBXBuildFile; fileRef = C524838F295B8164003009EB /* GradientView.swift */; };
		C5248392295B8263003009EB /* PlayButtonView.swift in Sources */ = {isa = PBXBuildFile; fileRef = C5248391295B8263003009EB /* PlayButtonView.swift */; };
		C5248394295B8596003009EB /* CoverView.swift in Sources */ = {isa = PBXBuildFile; fileRef = C5248393295B8596003009EB /* CoverView.swift */; };
		C5248398295B99F3003009EB /* MusicControlView.swift in Sources */ = {isa = PBXBuildFile; fileRef = C5248397295B99F3003009EB /* MusicControlView.swift */; };
		C524839C295B9C8B003009EB /* SongInfoView.swift in Sources */ = {isa = PBXBuildFile; fileRef = C524839B295B9C8B003009EB /* SongInfoView.swift */; };
		C5378F1F295CE31700F341A5 /* UIKitSearchView.swift in Sources */ = {isa = PBXBuildFile; fileRef = C5378F1E295CE31700F341A5 /* UIKitSearchView.swift */; };
		C5378F21295CE3DC00F341A5 /* SearchViewController.swift in Sources */ = {isa = PBXBuildFile; fileRef = C5378F20295CE3DC00F341A5 /* SearchViewController.swift */; };
		C5378F24295CE64500F341A5 /* SnapKit in Frameworks */ = {isa = PBXBuildFile; productRef = C5378F23295CE64500F341A5 /* SnapKit */; };
		C5378F26295D06A800F341A5 /* SearchCollectionViewCell.swift in Sources */ = {isa = PBXBuildFile; fileRef = C5378F25295D06A800F341A5 /* SearchCollectionViewCell.swift */; };
		C584ED12294E7E840019AF5E /* AppleMusicSwiftUIApp.swift in Sources */ = {isa = PBXBuildFile; fileRef = C584ED11294E7E840019AF5E /* AppleMusicSwiftUIApp.swift */; };
		C584ED16294E7E850019AF5E /* Assets.xcassets in Resources */ = {isa = PBXBuildFile; fileRef = C584ED15294E7E850019AF5E /* Assets.xcassets */; };
		C584ED19294E7E850019AF5E /* Preview Assets.xcassets in Resources */ = {isa = PBXBuildFile; fileRef = C584ED18294E7E850019AF5E /* Preview Assets.xcassets */; };
		C5ADEFAB29590F5200829CEB /* SearchItemView.swift in Sources */ = {isa = PBXBuildFile; fileRef = C5ADEFAA29590F5200829CEB /* SearchItemView.swift */; };
		C5ADEFAE2959160500829CEB /* SFSymbols.swift in Sources */ = {isa = PBXBuildFile; fileRef = C5ADEFAD2959160500829CEB /* SFSymbols.swift */; };
		C5ADEFB029591EB400829CEB /* Strings.swift in Sources */ = {isa = PBXBuildFile; fileRef = C5ADEFAF29591EB400829CEB /* Strings.swift */; };
		C5ADEFB22959221B00829CEB /* Colors.swift in Sources */ = {isa = PBXBuildFile; fileRef = C5ADEFB12959221B00829CEB /* Colors.swift */; };
		C5ADEFB7295A296600829CEB /* CategorieDetailView.swift in Sources */ = {isa = PBXBuildFile; fileRef = C5ADEFB6295A296600829CEB /* CategorieDetailView.swift */; };
		C5ADEFB9295A2E4B00829CEB /* FavoriteCategories.swift in Sources */ = {isa = PBXBuildFile; fileRef = C5ADEFB8295A2E4B00829CEB /* FavoriteCategories.swift */; };
		C5ADEFBB295A320700829CEB /* FavoriteCategoriesView.swift in Sources */ = {isa = PBXBuildFile; fileRef = C5ADEFBA295A320700829CEB /* FavoriteCategoriesView.swift */; };
		C5ADEFBE295A330400829CEB /* FavoriteCategoriesItemView.swift in Sources */ = {isa = PBXBuildFile; fileRef = C5ADEFBD295A330400829CEB /* FavoriteCategoriesItemView.swift */; };
		C5ADEFC0295A442F00829CEB /* HorizontalCategoriView.swift in Sources */ = {isa = PBXBuildFile; fileRef = C5ADEFBF295A442F00829CEB /* HorizontalCategoriView.swift */; };
		C5ADEFC2295A4A2E00829CEB /* HorizontalCategoriItemView.swift in Sources */ = {isa = PBXBuildFile; fileRef = C5ADEFC1295A4A2E00829CEB /* HorizontalCategoriItemView.swift */; };
		C5ADEFC4295A533000829CEB /* HorizontalCategoriList.swift in Sources */ = {isa = PBXBuildFile; fileRef = C5ADEFC3295A533000829CEB /* HorizontalCategoriList.swift */; };
		C5ADEFC6295A560600829CEB /* HorizontalCategori.swift in Sources */ = {isa = PBXBuildFile; fileRef = C5ADEFC5295A560600829CEB /* HorizontalCategori.swift */; };
		C5AFEDB1294FD71600BCCD21 /* Stations.swift in Sources */ = {isa = PBXBuildFile; fileRef = C5AFEDB0294FD71600BCCD21 /* Stations.swift */; };
		C5AFEDB329511A0500BCCD21 /* AssetsImages.swift in Sources */ = {isa = PBXBuildFile; fileRef = C5AFEDB229511A0500BCCD21 /* AssetsImages.swift */; };
		C5BEA0ED294E861900FF0BC6 /* MediaLibraryView.swift in Sources */ = {isa = PBXBuildFile; fileRef = C5BEA0EC294E861900FF0BC6 /* MediaLibraryView.swift */; };
		C5BEA0F1294E86D700FF0BC6 /* MainTabView.swift in Sources */ = {isa = PBXBuildFile; fileRef = C5BEA0F0294E86D700FF0BC6 /* MainTabView.swift */; };
		C5BEA0F3294E87A400FF0BC6 /* RadioView.swift in Sources */ = {isa = PBXBuildFile; fileRef = C5BEA0F2294E87A400FF0BC6 /* RadioView.swift */; };
		C5BEA0F5294E882900FF0BC6 /* SearchView.swift in Sources */ = {isa = PBXBuildFile; fileRef = C5BEA0F4294E882900FF0BC6 /* SearchView.swift */; };
		C5BEA0FD294E8A7E00FF0BC6 /* ContentView.swift in Sources */ = {isa = PBXBuildFile; fileRef = C5BEA0FC294E8A7E00FF0BC6 /* ContentView.swift */; };
		C5BEA0FF294EA13400FF0BC6 /* CategoriesListView.swift in Sources */ = {isa = PBXBuildFile; fileRef = C5BEA0FE294EA13400FF0BC6 /* CategoriesListView.swift */; };
		C5BEA101294EA2D700FF0BC6 /* EditCategoriesListView.swift in Sources */ = {isa = PBXBuildFile; fileRef = C5BEA100294EA2D700FF0BC6 /* EditCategoriesListView.swift */; };
		C5BEA104294EAB9F00FF0BC6 /* MiniPlayerView.swift in Sources */ = {isa = PBXBuildFile; fileRef = C5BEA103294EAB9F00FF0BC6 /* MiniPlayerView.swift */; };
		C5BEA107294F49AE00FF0BC6 /* LibraryCategories.swift in Sources */ = {isa = PBXBuildFile; fileRef = C5BEA106294F49AE00FF0BC6 /* LibraryCategories.swift */; };
		C5BEA109294F521100FF0BC6 /* ListItemView.swift in Sources */ = {isa = PBXBuildFile; fileRef = C5BEA108294F521100FF0BC6 /* ListItemView.swift */; };
		C5BEA10D294FB22200FF0BC6 /* StationsView.swift in Sources */ = {isa = PBXBuildFile; fileRef = C5BEA10C294FB22200FF0BC6 /* StationsView.swift */; };
		C5BEA10F294FB51B00FF0BC6 /* FavoritesView.swift in Sources */ = {isa = PBXBuildFile; fileRef = C5BEA10E294FB51B00FF0BC6 /* FavoritesView.swift */; };
		C5BEA112294FB96900FF0BC6 /* StationsItemView.swift in Sources */ = {isa = PBXBuildFile; fileRef = C5BEA111294FB96900FF0BC6 /* StationsItemView.swift */; };
		C5BEA115294FBA8C00FF0BC6 /* FavoritesItemView.swift in Sources */ = {isa = PBXBuildFile; fileRef = C5BEA114294FBA8C00FF0BC6 /* FavoritesItemView.swift */; };
		C5BEA117294FBDB600FF0BC6 /* Favorites.swift in Sources */ = {isa = PBXBuildFile; fileRef = C5BEA116294FBDB600FF0BC6 /* Favorites.swift */; };
		C5F99CBF2958E999000450AE /* MusicCategories.swift in Sources */ = {isa = PBXBuildFile; fileRef = C5F99CBE2958E999000450AE /* MusicCategories.swift */; };
/* End PBXBuildFile section */

/* Begin PBXFileReference section */
		C51BEFAB295F88D500D05637 /* SearchCellHeader.swift */ = {isa = PBXFileReference; lastKnownFileType = sourcecode.swift; path = SearchCellHeader.swift; sourceTree = "<group>"; };
		C524837D295B0FB5003009EB /* ClosePlayerView.swift */ = {isa = PBXFileReference; lastKnownFileType = sourcecode.swift; path = ClosePlayerView.swift; sourceTree = "<group>"; };
		C5248388295B2DCC003009EB /* FullPlayerView.swift */ = {isa = PBXFileReference; lastKnownFileType = sourcecode.swift; path = FullPlayerView.swift; sourceTree = "<group>"; };
		C524838B295B5422003009EB /* CustomButtonView.swift */ = {isa = PBXFileReference; lastKnownFileType = sourcecode.swift; path = CustomButtonView.swift; sourceTree = "<group>"; };
		C524838D295B7EC2003009EB /* CircleButtonView.swift */ = {isa = PBXFileReference; lastKnownFileType = sourcecode.swift; path = CircleButtonView.swift; sourceTree = "<group>"; };
		C524838F295B8164003009EB /* GradientView.swift */ = {isa = PBXFileReference; lastKnownFileType = sourcecode.swift; path = GradientView.swift; sourceTree = "<group>"; };
		C5248391295B8263003009EB /* PlayButtonView.swift */ = {isa = PBXFileReference; lastKnownFileType = sourcecode.swift; path = PlayButtonView.swift; sourceTree = "<group>"; };
		C5248393295B8596003009EB /* CoverView.swift */ = {isa = PBXFileReference; lastKnownFileType = sourcecode.swift; path = CoverView.swift; sourceTree = "<group>"; };
		C5248397295B99F3003009EB /* MusicControlView.swift */ = {isa = PBXFileReference; lastKnownFileType = sourcecode.swift; path = MusicControlView.swift; sourceTree = "<group>"; };
		C524839B295B9C8B003009EB /* SongInfoView.swift */ = {isa = PBXFileReference; lastKnownFileType = sourcecode.swift; path = SongInfoView.swift; sourceTree = "<group>"; };
		C5378F1E295CE31700F341A5 /* UIKitSearchView.swift */ = {isa = PBXFileReference; lastKnownFileType = sourcecode.swift; path = UIKitSearchView.swift; sourceTree = "<group>"; };
		C5378F20295CE3DC00F341A5 /* SearchViewController.swift */ = {isa = PBXFileReference; lastKnownFileType = sourcecode.swift; path = SearchViewController.swift; sourceTree = "<group>"; };
		C5378F25295D06A800F341A5 /* SearchCollectionViewCell.swift */ = {isa = PBXFileReference; lastKnownFileType = sourcecode.swift; path = SearchCollectionViewCell.swift; sourceTree = "<group>"; };
		C584ED0E294E7E840019AF5E /* AppleMusicSwiftUI.app */ = {isa = PBXFileReference; explicitFileType = wrapper.application; includeInIndex = 0; path = AppleMusicSwiftUI.app; sourceTree = BUILT_PRODUCTS_DIR; };
		C584ED11294E7E840019AF5E /* AppleMusicSwiftUIApp.swift */ = {isa = PBXFileReference; lastKnownFileType = sourcecode.swift; path = AppleMusicSwiftUIApp.swift; sourceTree = "<group>"; };
		C584ED15294E7E850019AF5E /* Assets.xcassets */ = {isa = PBXFileReference; lastKnownFileType = folder.assetcatalog; path = Assets.xcassets; sourceTree = "<group>"; };
		C584ED18294E7E850019AF5E /* Preview Assets.xcassets */ = {isa = PBXFileReference; lastKnownFileType = folder.assetcatalog; path = "Preview Assets.xcassets"; sourceTree = "<group>"; };
		C5ADEFAA29590F5200829CEB /* SearchItemView.swift */ = {isa = PBXFileReference; lastKnownFileType = sourcecode.swift; path = SearchItemView.swift; sourceTree = "<group>"; };
		C5ADEFAD2959160500829CEB /* SFSymbols.swift */ = {isa = PBXFileReference; lastKnownFileType = sourcecode.swift; path = SFSymbols.swift; sourceTree = "<group>"; };
		C5ADEFAF29591EB400829CEB /* Strings.swift */ = {isa = PBXFileReference; lastKnownFileType = sourcecode.swift; path = Strings.swift; sourceTree = "<group>"; };
		C5ADEFB12959221B00829CEB /* Colors.swift */ = {isa = PBXFileReference; lastKnownFileType = sourcecode.swift; path = Colors.swift; sourceTree = "<group>"; };
		C5ADEFB6295A296600829CEB /* CategorieDetailView.swift */ = {isa = PBXFileReference; lastKnownFileType = sourcecode.swift; path = CategorieDetailView.swift; sourceTree = "<group>"; };
		C5ADEFB8295A2E4B00829CEB /* FavoriteCategories.swift */ = {isa = PBXFileReference; lastKnownFileType = sourcecode.swift; path = FavoriteCategories.swift; sourceTree = "<group>"; };
		C5ADEFBA295A320700829CEB /* FavoriteCategoriesView.swift */ = {isa = PBXFileReference; lastKnownFileType = sourcecode.swift; path = FavoriteCategoriesView.swift; sourceTree = "<group>"; };
		C5ADEFBD295A330400829CEB /* FavoriteCategoriesItemView.swift */ = {isa = PBXFileReference; lastKnownFileType = sourcecode.swift; path = FavoriteCategoriesItemView.swift; sourceTree = "<group>"; };
		C5ADEFBF295A442F00829CEB /* HorizontalCategoriView.swift */ = {isa = PBXFileReference; lastKnownFileType = sourcecode.swift; path = HorizontalCategoriView.swift; sourceTree = "<group>"; };
		C5ADEFC1295A4A2E00829CEB /* HorizontalCategoriItemView.swift */ = {isa = PBXFileReference; lastKnownFileType = sourcecode.swift; path = HorizontalCategoriItemView.swift; sourceTree = "<group>"; };
		C5ADEFC3295A533000829CEB /* HorizontalCategoriList.swift */ = {isa = PBXFileReference; lastKnownFileType = sourcecode.swift; path = HorizontalCategoriList.swift; sourceTree = "<group>"; };
		C5ADEFC5295A560600829CEB /* HorizontalCategori.swift */ = {isa = PBXFileReference; lastKnownFileType = sourcecode.swift; path = HorizontalCategori.swift; sourceTree = "<group>"; };
		C5AFEDB0294FD71600BCCD21 /* Stations.swift */ = {isa = PBXFileReference; lastKnownFileType = sourcecode.swift; path = Stations.swift; sourceTree = "<group>"; };
		C5AFEDB229511A0500BCCD21 /* AssetsImages.swift */ = {isa = PBXFileReference; lastKnownFileType = sourcecode.swift; path = AssetsImages.swift; sourceTree = "<group>"; };
		C5BEA0EC294E861900FF0BC6 /* MediaLibraryView.swift */ = {isa = PBXFileReference; lastKnownFileType = sourcecode.swift; path = MediaLibraryView.swift; sourceTree = "<group>"; };
		C5BEA0F0294E86D700FF0BC6 /* MainTabView.swift */ = {isa = PBXFileReference; lastKnownFileType = sourcecode.swift; path = MainTabView.swift; sourceTree = "<group>"; };
		C5BEA0F2294E87A400FF0BC6 /* RadioView.swift */ = {isa = PBXFileReference; lastKnownFileType = sourcecode.swift; path = RadioView.swift; sourceTree = "<group>"; };
		C5BEA0F4294E882900FF0BC6 /* SearchView.swift */ = {isa = PBXFileReference; lastKnownFileType = sourcecode.swift; path = SearchView.swift; sourceTree = "<group>"; };
		C5BEA0FC294E8A7E00FF0BC6 /* ContentView.swift */ = {isa = PBXFileReference; lastKnownFileType = sourcecode.swift; path = ContentView.swift; sourceTree = "<group>"; };
		C5BEA0FE294EA13400FF0BC6 /* CategoriesListView.swift */ = {isa = PBXFileReference; lastKnownFileType = sourcecode.swift; path = CategoriesListView.swift; sourceTree = "<group>"; };
		C5BEA100294EA2D700FF0BC6 /* EditCategoriesListView.swift */ = {isa = PBXFileReference; lastKnownFileType = sourcecode.swift; path = EditCategoriesListView.swift; sourceTree = "<group>"; };
		C5BEA103294EAB9F00FF0BC6 /* MiniPlayerView.swift */ = {isa = PBXFileReference; lastKnownFileType = sourcecode.swift; path = MiniPlayerView.swift; sourceTree = "<group>"; };
		C5BEA106294F49AE00FF0BC6 /* LibraryCategories.swift */ = {isa = PBXFileReference; lastKnownFileType = sourcecode.swift; path = LibraryCategories.swift; sourceTree = "<group>"; };
		C5BEA108294F521100FF0BC6 /* ListItemView.swift */ = {isa = PBXFileReference; lastKnownFileType = sourcecode.swift; path = ListItemView.swift; sourceTree = "<group>"; };
		C5BEA10C294FB22200FF0BC6 /* StationsView.swift */ = {isa = PBXFileReference; lastKnownFileType = sourcecode.swift; path = StationsView.swift; sourceTree = "<group>"; };
		C5BEA10E294FB51B00FF0BC6 /* FavoritesView.swift */ = {isa = PBXFileReference; lastKnownFileType = sourcecode.swift; path = FavoritesView.swift; sourceTree = "<group>"; };
		C5BEA111294FB96900FF0BC6 /* StationsItemView.swift */ = {isa = PBXFileReference; lastKnownFileType = sourcecode.swift; path = StationsItemView.swift; sourceTree = "<group>"; };
		C5BEA114294FBA8C00FF0BC6 /* FavoritesItemView.swift */ = {isa = PBXFileReference; lastKnownFileType = sourcecode.swift; path = FavoritesItemView.swift; sourceTree = "<group>"; };
		C5BEA116294FBDB600FF0BC6 /* Favorites.swift */ = {isa = PBXFileReference; lastKnownFileType = sourcecode.swift; path = Favorites.swift; sourceTree = "<group>"; };
		C5CD4F36295746BC002CBA6E /* Info.plist */ = {isa = PBXFileReference; lastKnownFileType = text.plist.xml; path = Info.plist; sourceTree = "<group>"; };
		C5F99CBE2958E999000450AE /* MusicCategories.swift */ = {isa = PBXFileReference; lastKnownFileType = sourcecode.swift; path = MusicCategories.swift; sourceTree = "<group>"; };
/* End PBXFileReference section */

/* Begin PBXFrameworksBuildPhase section */
		C584ED0B294E7E840019AF5E /* Frameworks */ = {
			isa = PBXFrameworksBuildPhase;
			buildActionMask = 2147483647;
			files = (
				C5378F24295CE64500F341A5 /* SnapKit in Frameworks */,
			);
			runOnlyForDeploymentPostprocessing = 0;
		};
/* End PBXFrameworksBuildPhase section */

/* Begin PBXGroup section */
		C524837B295B0E8B003009EB /* HorizontalCategori */ = {
			isa = PBXGroup;
			children = (
				C5ADEFBF295A442F00829CEB /* HorizontalCategoriView.swift */,
				C5ADEFC1295A4A2E00829CEB /* HorizontalCategoriItemView.swift */,
			);
			path = HorizontalCategori;
			sourceTree = "<group>";
		};
		C524837C295B0EB8003009EB /* Player */ = {
			isa = PBXGroup;
			children = (
				C524838A295B53FC003009EB /* Components */,
				C5BEA103294EAB9F00FF0BC6 /* MiniPlayerView.swift */,
				C5248388295B2DCC003009EB /* FullPlayerView.swift */,
				C524837D295B0FB5003009EB /* ClosePlayerView.swift */,
			);
			path = Player;
			sourceTree = "<group>";
		};
		C524838A295B53FC003009EB /* Components */ = {
			isa = PBXGroup;
			children = (
				C5248399295B9C0B003009EB /* BaseComponents */,
				C524839A295B9C2E003009EB /* PlayerComponents */,
			);
			path = Components;
			sourceTree = "<group>";
		};
		C5248399295B9C0B003009EB /* BaseComponents */ = {
			isa = PBXGroup;
			children = (
				C524838B295B5422003009EB /* CustomButtonView.swift */,
				C524838D295B7EC2003009EB /* CircleButtonView.swift */,
				C524838F295B8164003009EB /* GradientView.swift */,
				C5248391295B8263003009EB /* PlayButtonView.swift */,
			);
			path = BaseComponents;
			sourceTree = "<group>";
		};
		C524839A295B9C2E003009EB /* PlayerComponents */ = {
			isa = PBXGroup;
			children = (
				C5248393295B8596003009EB /* CoverView.swift */,
				C5248397295B99F3003009EB /* MusicControlView.swift */,
				C524839B295B9C8B003009EB /* SongInfoView.swift */,
			);
			path = PlayerComponents;
			sourceTree = "<group>";
		};
		C5378F1D295CE2D300F341A5 /* UIKitSearch */ = {
			isa = PBXGroup;
			children = (
				C5378F1E295CE31700F341A5 /* UIKitSearchView.swift */,
				C5378F20295CE3DC00F341A5 /* SearchViewController.swift */,
				C5378F25295D06A800F341A5 /* SearchCollectionViewCell.swift */,
				C51BEFAB295F88D500D05637 /* SearchCellHeader.swift */,
			);
			path = UIKitSearch;
			sourceTree = "<group>";
		};
		C584ED05294E7E840019AF5E = {
			isa = PBXGroup;
			children = (
				C584ED10294E7E840019AF5E /* AppleMusicSwiftUI */,
				C584ED0F294E7E840019AF5E /* Products */,
			);
			sourceTree = "<group>";
		};
		C584ED0F294E7E840019AF5E /* Products */ = {
			isa = PBXGroup;
			children = (
				C584ED0E294E7E840019AF5E /* AppleMusicSwiftUI.app */,
			);
			name = Products;
			sourceTree = "<group>";
		};
		C584ED10294E7E840019AF5E /* AppleMusicSwiftUI */ = {
			isa = PBXGroup;
			children = (
				C5BEA0F7294E892F00FF0BC6 /* Sources */,
				C5BEA0F8294E893400FF0BC6 /* Resources */,
			);
			path = AppleMusicSwiftUI;
			sourceTree = "<group>";
		};
		C584ED17294E7E850019AF5E /* Preview Content */ = {
			isa = PBXGroup;
			children = (
				C584ED18294E7E850019AF5E /* Preview Assets.xcassets */,
			);
			path = "Preview Content";
			sourceTree = "<group>";
		};
		C5ADEFAC295915E500829CEB /* Images */ = {
			isa = PBXGroup;
			children = (
				C5AFEDB229511A0500BCCD21 /* AssetsImages.swift */,
				C5ADEFAD2959160500829CEB /* SFSymbols.swift */,
			);
			path = Images;
			sourceTree = "<group>";
		};
		C5ADEFB5295A19E600829CEB /* Categorie */ = {
			isa = PBXGroup;
			children = (
				C5ADEFB6295A296600829CEB /* CategorieDetailView.swift */,
				C5ADEFBC295A322A00829CEB /* FavoriteCategories */,
				C524837B295B0E8B003009EB /* HorizontalCategori */,
			);
			path = Categorie;
			sourceTree = "<group>";
		};
		C5ADEFBC295A322A00829CEB /* FavoriteCategories */ = {
			isa = PBXGroup;
			children = (
				C5ADEFBA295A320700829CEB /* FavoriteCategoriesView.swift */,
				C5ADEFBD295A330400829CEB /* FavoriteCategoriesItemView.swift */,
			);
			path = FavoriteCategories;
			sourceTree = "<group>";
		};
		C5AFEDB529511A9700BCCD21 /* Constants */ = {
			isa = PBXGroup;
			children = (
				C5ADEFAC295915E500829CEB /* Images */,
				C5ADEFAF29591EB400829CEB /* Strings.swift */,
				C5ADEFB12959221B00829CEB /* Colors.swift */,
			);
			path = Constants;
			sourceTree = "<group>";
		};
		C5BEA0F6294E890700FF0BC6 /* MediaLibrary */ = {
			isa = PBXGroup;
			children = (
				C5BEA0EC294E861900FF0BC6 /* MediaLibraryView.swift */,
				C5BEA0FE294EA13400FF0BC6 /* CategoriesListView.swift */,
				C5BEA100294EA2D700FF0BC6 /* EditCategoriesListView.swift */,
				C5BEA108294F521100FF0BC6 /* ListItemView.swift */,
			);
			path = MediaLibrary;
			sourceTree = "<group>";
		};
		C5BEA0F7294E892F00FF0BC6 /* Sources */ = {
			isa = PBXGroup;
			children = (
				C584ED11294E7E840019AF5E /* AppleMusicSwiftUIApp.swift */,
				C5BEA0F9294E897C00FF0BC6 /* View */,
				C5BEA105294F498F00FF0BC6 /* Model */,
				C5AFEDB529511A9700BCCD21 /* Constants */,
			);
			path = Sources;
			sourceTree = "<group>";
		};
		C5BEA0F8294E893400FF0BC6 /* Resources */ = {
			isa = PBXGroup;
			children = (
				C5CD4F36295746BC002CBA6E /* Info.plist */,
				C584ED15294E7E850019AF5E /* Assets.xcassets */,
				C584ED17294E7E850019AF5E /* Preview Content */,
			);
			path = Resources;
			sourceTree = "<group>";
		};
		C5BEA0F9294E897C00FF0BC6 /* View */ = {
			isa = PBXGroup;
			children = (
				C5BEA0FC294E8A7E00FF0BC6 /* ContentView.swift */,
				C5BEA0F0294E86D700FF0BC6 /* MainTabView.swift */,
				C5378F1D295CE2D300F341A5 /* UIKitSearch */,
				C524837C295B0EB8003009EB /* Player */,
				C5BEA0F6294E890700FF0BC6 /* MediaLibrary */,
				C5BEA0FA294E899E00FF0BC6 /* Radio */,
				C5BEA0FB294E89BD00FF0BC6 /* Search */,
				C5ADEFB5295A19E600829CEB /* Categorie */,
			);
			path = View;
			sourceTree = "<group>";
		};
		C5BEA0FA294E899E00FF0BC6 /* Radio */ = {
			isa = PBXGroup;
			children = (
				C5BEA0F2294E87A400FF0BC6 /* RadioView.swift */,
				C5BEA113294FB9FD00FF0BC6 /* Favorites */,
				C5BEA110294FB90900FF0BC6 /* Stations */,
			);
			path = Radio;
			sourceTree = "<group>";
		};
		C5BEA0FB294E89BD00FF0BC6 /* Search */ = {
			isa = PBXGroup;
			children = (
				C5BEA0F4294E882900FF0BC6 /* SearchView.swift */,
				C5ADEFAA29590F5200829CEB /* SearchItemView.swift */,
			);
			path = Search;
			sourceTree = "<group>";
		};
		C5BEA105294F498F00FF0BC6 /* Model */ = {
			isa = PBXGroup;
			children = (
				C5BEA106294F49AE00FF0BC6 /* LibraryCategories.swift */,
				C5BEA116294FBDB600FF0BC6 /* Favorites.swift */,
				C5AFEDB0294FD71600BCCD21 /* Stations.swift */,
				C5F99CBE2958E999000450AE /* MusicCategories.swift */,
				C5ADEFB8295A2E4B00829CEB /* FavoriteCategories.swift */,
				C5ADEFC3295A533000829CEB /* HorizontalCategoriList.swift */,
				C5ADEFC5295A560600829CEB /* HorizontalCategori.swift */,
			);
			path = Model;
			sourceTree = "<group>";
		};
		C5BEA110294FB90900FF0BC6 /* Stations */ = {
			isa = PBXGroup;
			children = (
				C5BEA10C294FB22200FF0BC6 /* StationsView.swift */,
				C5BEA111294FB96900FF0BC6 /* StationsItemView.swift */,
			);
			path = Stations;
			sourceTree = "<group>";
		};
		C5BEA113294FB9FD00FF0BC6 /* Favorites */ = {
			isa = PBXGroup;
			children = (
				C5BEA10E294FB51B00FF0BC6 /* FavoritesView.swift */,
				C5BEA114294FBA8C00FF0BC6 /* FavoritesItemView.swift */,
			);
			path = Favorites;
			sourceTree = "<group>";
		};
/* End PBXGroup section */

/* Begin PBXNativeTarget section */
		C584ED0D294E7E840019AF5E /* AppleMusicSwiftUI */ = {
			isa = PBXNativeTarget;
			buildConfigurationList = C584ED1C294E7E850019AF5E /* Build configuration list for PBXNativeTarget "AppleMusicSwiftUI" */;
			buildPhases = (
				C584ED0A294E7E840019AF5E /* Sources */,
				C584ED0B294E7E840019AF5E /* Frameworks */,
				C584ED0C294E7E840019AF5E /* Resources */,
			);
			buildRules = (
			);
			dependencies = (
			);
			name = AppleMusicSwiftUI;
			packageProductDependencies = (
				C5378F23295CE64500F341A5 /* SnapKit */,
			);
			productName = AppleMusicSwiftUI;
			productReference = C584ED0E294E7E840019AF5E /* AppleMusicSwiftUI.app */;
			productType = "com.apple.product-type.application";
		};
/* End PBXNativeTarget section */

/* Begin PBXProject section */
		C584ED06294E7E840019AF5E /* Project object */ = {
			isa = PBXProject;
			attributes = {
				BuildIndependentTargetsInParallel = 1;
				LastSwiftUpdateCheck = 1410;
				LastUpgradeCheck = 1410;
				TargetAttributes = {
					C584ED0D294E7E840019AF5E = {
						CreatedOnToolsVersion = 14.1;
					};
				};
			};
			buildConfigurationList = C584ED09294E7E840019AF5E /* Build configuration list for PBXProject "AppleMusicSwiftUI" */;
			compatibilityVersion = "Xcode 14.0";
			developmentRegion = en;
			hasScannedForEncodings = 0;
			knownRegions = (
				en,
				Base,
			);
			mainGroup = C584ED05294E7E840019AF5E;
			packageReferences = (
				C5378F22295CE64500F341A5 /* XCRemoteSwiftPackageReference "SnapKit" */,
			);
			productRefGroup = C584ED0F294E7E840019AF5E /* Products */;
			projectDirPath = "";
			projectRoot = "";
			targets = (
				C584ED0D294E7E840019AF5E /* AppleMusicSwiftUI */,
			);
		};
/* End PBXProject section */

/* Begin PBXResourcesBuildPhase section */
		C584ED0C294E7E840019AF5E /* Resources */ = {
			isa = PBXResourcesBuildPhase;
			buildActionMask = 2147483647;
			files = (
				C584ED19294E7E850019AF5E /* Preview Assets.xcassets in Resources */,
				C584ED16294E7E850019AF5E /* Assets.xcassets in Resources */,
			);
			runOnlyForDeploymentPostprocessing = 0;
		};
/* End PBXResourcesBuildPhase section */

/* Begin PBXSourcesBuildPhase section */
		C584ED0A294E7E840019AF5E /* Sources */ = {
			isa = PBXSourcesBuildPhase;
			buildActionMask = 2147483647;
			files = (
				C5BEA104294EAB9F00FF0BC6 /* MiniPlayerView.swift in Sources */,
				C524838C295B5422003009EB /* CustomButtonView.swift in Sources */,
				C5ADEFC4295A533000829CEB /* HorizontalCategoriList.swift in Sources */,
				C5248392295B8263003009EB /* PlayButtonView.swift in Sources */,
				C5248398295B99F3003009EB /* MusicControlView.swift in Sources */,
				C5ADEFC6295A560600829CEB /* HorizontalCategori.swift in Sources */,
				C5BEA115294FBA8C00FF0BC6 /* FavoritesItemView.swift in Sources */,
				C5BEA0F5294E882900FF0BC6 /* SearchView.swift in Sources */,
				C5ADEFAB29590F5200829CEB /* SearchItemView.swift in Sources */,
				C5BEA117294FBDB600FF0BC6 /* Favorites.swift in Sources */,
				C5248389295B2DCC003009EB /* FullPlayerView.swift in Sources */,
				C5BEA10F294FB51B00FF0BC6 /* FavoritesView.swift in Sources */,
				C5ADEFB7295A296600829CEB /* CategorieDetailView.swift in Sources */,
				C5AFEDB329511A0500BCCD21 /* AssetsImages.swift in Sources */,
				C524837E295B0FB5003009EB /* ClosePlayerView.swift in Sources */,
				C5ADEFC2295A4A2E00829CEB /* HorizontalCategoriItemView.swift in Sources */,
				C5BEA0F3294E87A400FF0BC6 /* RadioView.swift in Sources */,
				C5ADEFAE2959160500829CEB /* SFSymbols.swift in Sources */,
				C5BEA109294F521100FF0BC6 /* ListItemView.swift in Sources */,
				C5BEA101294EA2D700FF0BC6 /* EditCategoriesListView.swift in Sources */,
				C5BEA0FD294E8A7E00FF0BC6 /* ContentView.swift in Sources */,
				C5ADEFB029591EB400829CEB /* Strings.swift in Sources */,
				C5ADEFC0295A442F00829CEB /* HorizontalCategoriView.swift in Sources */,
				C5ADEFB22959221B00829CEB /* Colors.swift in Sources */,
				C5BEA112294FB96900FF0BC6 /* StationsItemView.swift in Sources */,
				C524838E295B7EC2003009EB /* CircleButtonView.swift in Sources */,
				C5AFEDB1294FD71600BCCD21 /* Stations.swift in Sources */,
				C524839C295B9C8B003009EB /* SongInfoView.swift in Sources */,
				C5248394295B8596003009EB /* CoverView.swift in Sources */,
				C5BEA107294F49AE00FF0BC6 /* LibraryCategories.swift in Sources */,
				C5248390295B8164003009EB /* GradientView.swift in Sources */,
				C5BEA0ED294E861900FF0BC6 /* MediaLibraryView.swift in Sources */,
				C51BEFAC295F88D500D05637 /* SearchCellHeader.swift in Sources */,
				C5BEA10D294FB22200FF0BC6 /* StationsView.swift in Sources */,
				C5ADEFBB295A320700829CEB /* FavoriteCategoriesView.swift in Sources */,
				C5378F1F295CE31700F341A5 /* UIKitSearchView.swift in Sources */,
				C5BEA0FF294EA13400FF0BC6 /* CategoriesListView.swift in Sources */,
				C5378F26295D06A800F341A5 /* SearchCollectionViewCell.swift in Sources */,
				C5378F21295CE3DC00F341A5 /* SearchViewController.swift in Sources */,
				C5ADEFBE295A330400829CEB /* FavoriteCategoriesItemView.swift in Sources */,
				C5F99CBF2958E999000450AE /* MusicCategories.swift in Sources */,
				C584ED12294E7E840019AF5E /* AppleMusicSwiftUIApp.swift in Sources */,
				C5ADEFB9295A2E4B00829CEB /* FavoriteCategories.swift in Sources */,
				C5BEA0F1294E86D700FF0BC6 /* MainTabView.swift in Sources */,
			);
			runOnlyForDeploymentPostprocessing = 0;
		};
/* End PBXSourcesBuildPhase section */

/* Begin XCBuildConfiguration section */
		C584ED1A294E7E850019AF5E /* Debug */ = {
			isa = XCBuildConfiguration;
			buildSettings = {
				ALWAYS_SEARCH_USER_PATHS = NO;
				CLANG_ANALYZER_NONNULL = YES;
				CLANG_ANALYZER_NUMBER_OBJECT_CONVERSION = YES_AGGRESSIVE;
				CLANG_CXX_LANGUAGE_STANDARD = "gnu++20";
				CLANG_ENABLE_MODULES = YES;
				CLANG_ENABLE_OBJC_ARC = YES;
				CLANG_ENABLE_OBJC_WEAK = YES;
				CLANG_WARN_BLOCK_CAPTURE_AUTORELEASING = YES;
				CLANG_WARN_BOOL_CONVERSION = YES;
				CLANG_WARN_COMMA = YES;
				CLANG_WARN_CONSTANT_CONVERSION = YES;
				CLANG_WARN_DEPRECATED_OBJC_IMPLEMENTATIONS = YES;
				CLANG_WARN_DIRECT_OBJC_ISA_USAGE = YES_ERROR;
				CLANG_WARN_DOCUMENTATION_COMMENTS = YES;
				CLANG_WARN_EMPTY_BODY = YES;
				CLANG_WARN_ENUM_CONVERSION = YES;
				CLANG_WARN_INFINITE_RECURSION = YES;
				CLANG_WARN_INT_CONVERSION = YES;
				CLANG_WARN_NON_LITERAL_NULL_CONVERSION = YES;
				CLANG_WARN_OBJC_IMPLICIT_RETAIN_SELF = YES;
				CLANG_WARN_OBJC_LITERAL_CONVERSION = YES;
				CLANG_WARN_OBJC_ROOT_CLASS = YES_ERROR;
				CLANG_WARN_QUOTED_INCLUDE_IN_FRAMEWORK_HEADER = YES;
				CLANG_WARN_RANGE_LOOP_ANALYSIS = YES;
				CLANG_WARN_STRICT_PROTOTYPES = YES;
				CLANG_WARN_SUSPICIOUS_MOVE = YES;
				CLANG_WARN_UNGUARDED_AVAILABILITY = YES_AGGRESSIVE;
				CLANG_WARN_UNREACHABLE_CODE = YES;
				CLANG_WARN__DUPLICATE_METHOD_MATCH = YES;
				COPY_PHASE_STRIP = NO;
				DEBUG_INFORMATION_FORMAT = dwarf;
				ENABLE_STRICT_OBJC_MSGSEND = YES;
				ENABLE_TESTABILITY = YES;
				GCC_C_LANGUAGE_STANDARD = gnu11;
				GCC_DYNAMIC_NO_PIC = NO;
				GCC_NO_COMMON_BLOCKS = YES;
				GCC_OPTIMIZATION_LEVEL = 0;
				GCC_PREPROCESSOR_DEFINITIONS = (
					"DEBUG=1",
					"$(inherited)",
				);
				GCC_WARN_64_TO_32_BIT_CONVERSION = YES;
				GCC_WARN_ABOUT_RETURN_TYPE = YES_ERROR;
				GCC_WARN_UNDECLARED_SELECTOR = YES;
				GCC_WARN_UNINITIALIZED_AUTOS = YES_AGGRESSIVE;
				GCC_WARN_UNUSED_FUNCTION = YES;
				GCC_WARN_UNUSED_VARIABLE = YES;
				IPHONEOS_DEPLOYMENT_TARGET = 16.1;
				MTL_ENABLE_DEBUG_INFO = INCLUDE_SOURCE;
				MTL_FAST_MATH = YES;
				ONLY_ACTIVE_ARCH = YES;
				SDKROOT = iphoneos;
				SWIFT_ACTIVE_COMPILATION_CONDITIONS = DEBUG;
				SWIFT_OPTIMIZATION_LEVEL = "-Onone";
			};
			name = Debug;
		};
		C584ED1B294E7E850019AF5E /* Release */ = {
			isa = XCBuildConfiguration;
			buildSettings = {
				ALWAYS_SEARCH_USER_PATHS = NO;
				CLANG_ANALYZER_NONNULL = YES;
				CLANG_ANALYZER_NUMBER_OBJECT_CONVERSION = YES_AGGRESSIVE;
				CLANG_CXX_LANGUAGE_STANDARD = "gnu++20";
				CLANG_ENABLE_MODULES = YES;
				CLANG_ENABLE_OBJC_ARC = YES;
				CLANG_ENABLE_OBJC_WEAK = YES;
				CLANG_WARN_BLOCK_CAPTURE_AUTORELEASING = YES;
				CLANG_WARN_BOOL_CONVERSION = YES;
				CLANG_WARN_COMMA = YES;
				CLANG_WARN_CONSTANT_CONVERSION = YES;
				CLANG_WARN_DEPRECATED_OBJC_IMPLEMENTATIONS = YES;
				CLANG_WARN_DIRECT_OBJC_ISA_USAGE = YES_ERROR;
				CLANG_WARN_DOCUMENTATION_COMMENTS = YES;
				CLANG_WARN_EMPTY_BODY = YES;
				CLANG_WARN_ENUM_CONVERSION = YES;
				CLANG_WARN_INFINITE_RECURSION = YES;
				CLANG_WARN_INT_CONVERSION = YES;
				CLANG_WARN_NON_LITERAL_NULL_CONVERSION = YES;
				CLANG_WARN_OBJC_IMPLICIT_RETAIN_SELF = YES;
				CLANG_WARN_OBJC_LITERAL_CONVERSION = YES;
				CLANG_WARN_OBJC_ROOT_CLASS = YES_ERROR;
				CLANG_WARN_QUOTED_INCLUDE_IN_FRAMEWORK_HEADER = YES;
				CLANG_WARN_RANGE_LOOP_ANALYSIS = YES;
				CLANG_WARN_STRICT_PROTOTYPES = YES;
				CLANG_WARN_SUSPICIOUS_MOVE = YES;
				CLANG_WARN_UNGUARDED_AVAILABILITY = YES_AGGRESSIVE;
				CLANG_WARN_UNREACHABLE_CODE = YES;
				CLANG_WARN__DUPLICATE_METHOD_MATCH = YES;
				COPY_PHASE_STRIP = NO;
				DEBUG_INFORMATION_FORMAT = "dwarf-with-dsym";
				ENABLE_NS_ASSERTIONS = NO;
				ENABLE_STRICT_OBJC_MSGSEND = YES;
				GCC_C_LANGUAGE_STANDARD = gnu11;
				GCC_NO_COMMON_BLOCKS = YES;
				GCC_WARN_64_TO_32_BIT_CONVERSION = YES;
				GCC_WARN_ABOUT_RETURN_TYPE = YES_ERROR;
				GCC_WARN_UNDECLARED_SELECTOR = YES;
				GCC_WARN_UNINITIALIZED_AUTOS = YES_AGGRESSIVE;
				GCC_WARN_UNUSED_FUNCTION = YES;
				GCC_WARN_UNUSED_VARIABLE = YES;
				IPHONEOS_DEPLOYMENT_TARGET = 16.1;
				MTL_ENABLE_DEBUG_INFO = NO;
				MTL_FAST_MATH = YES;
				SDKROOT = iphoneos;
				SWIFT_COMPILATION_MODE = wholemodule;
				SWIFT_OPTIMIZATION_LEVEL = "-O";
				VALIDATE_PRODUCT = YES;
			};
			name = Release;
		};
		C584ED1D294E7E850019AF5E /* Debug */ = {
			isa = XCBuildConfiguration;
			buildSettings = {
				ASSETCATALOG_COMPILER_APPICON_NAME = AppIcon;
				ASSETCATALOG_COMPILER_GLOBAL_ACCENT_COLOR_NAME = AccentColor;
				CODE_SIGN_STYLE = Automatic;
				CURRENT_PROJECT_VERSION = 1;
				DEVELOPMENT_ASSET_PATHS = "\"AppleMusicSwiftUI/Resources/Preview Content\"";
				DEVELOPMENT_TEAM = N2XAP4CLZT;
				ENABLE_PREVIEWS = YES;
				GENERATE_INFOPLIST_FILE = YES;
				INFOPLIST_FILE = AppleMusicSwiftUI/Resources/Info.plist;
				INFOPLIST_KEY_UIApplicationSupportsIndirectInputEvents = YES;
				INFOPLIST_KEY_UILaunchScreen_Generation = YES;
				INFOPLIST_KEY_UIStatusBarStyle = "";
				INFOPLIST_KEY_UISupportedInterfaceOrientations = UIInterfaceOrientationPortrait;
				IPHONEOS_DEPLOYMENT_TARGET = 16.0;
				LD_RUNPATH_SEARCH_PATHS = (
					"$(inherited)",
					"@executable_path/Frameworks",
				);
				MARKETING_VERSION = 1.0;
				PRODUCT_BUNDLE_IDENTIFIER = my.doker.AppleMusicSwiftUI;
				PRODUCT_NAME = "$(TARGET_NAME)";
				SUPPORTED_PLATFORMS = "iphoneos iphonesimulator";
				SUPPORTS_MACCATALYST = NO;
				SUPPORTS_MAC_DESIGNED_FOR_IPHONE_IPAD = NO;
				SWIFT_EMIT_LOC_STRINGS = YES;
				SWIFT_VERSION = 5.0;
				TARGETED_DEVICE_FAMILY = 1;
			};
			name = Debug;
		};
		C584ED1E294E7E850019AF5E /* Release */ = {
			isa = XCBuildConfiguration;
			buildSettings = {
				ASSETCATALOG_COMPILER_APPICON_NAME = AppIcon;
				ASSETCATALOG_COMPILER_GLOBAL_ACCENT_COLOR_NAME = AccentColor;
				CODE_SIGN_STYLE = Automatic;
				CURRENT_PROJECT_VERSION = 1;
				DEVELOPMENT_ASSET_PATHS = "\"AppleMusicSwiftUI/Resources/Preview Content\"";
				DEVELOPMENT_TEAM = N2XAP4CLZT;
				ENABLE_PREVIEWS = YES;
				GENERATE_INFOPLIST_FILE = YES;
				INFOPLIST_FILE = AppleMusicSwiftUI/Resources/Info.plist;
				INFOPLIST_KEY_UIApplicationSupportsIndirectInputEvents = YES;
				INFOPLIST_KEY_UILaunchScreen_Generation = YES;
				INFOPLIST_KEY_UIStatusBarStyle = "";
				INFOPLIST_KEY_UISupportedInterfaceOrientations = UIInterfaceOrientationPortrait;
				IPHONEOS_DEPLOYMENT_TARGET = 16.0;
				LD_RUNPATH_SEARCH_PATHS = (
					"$(inherited)",
					"@executable_path/Frameworks",
				);
				MARKETING_VERSION = 1.0;
				PRODUCT_BUNDLE_IDENTIFIER = my.doker.AppleMusicSwiftUI;
				PRODUCT_NAME = "$(TARGET_NAME)";
				SUPPORTED_PLATFORMS = "iphoneos iphonesimulator";
				SUPPORTS_MACCATALYST = NO;
				SUPPORTS_MAC_DESIGNED_FOR_IPHONE_IPAD = NO;
				SWIFT_EMIT_LOC_STRINGS = YES;
				SWIFT_VERSION = 5.0;
				TARGETED_DEVICE_FAMILY = 1;
			};
			name = Release;
		};
/* End XCBuildConfiguration section */

/* Begin XCConfigurationList section */
		C584ED09294E7E840019AF5E /* Build configuration list for PBXProject "AppleMusicSwiftUI" */ = {
			isa = XCConfigurationList;
			buildConfigurations = (
				C584ED1A294E7E850019AF5E /* Debug */,
				C584ED1B294E7E850019AF5E /* Release */,
			);
			defaultConfigurationIsVisible = 0;
			defaultConfigurationName = Release;
		};
		C584ED1C294E7E850019AF5E /* Build configuration list for PBXNativeTarget "AppleMusicSwiftUI" */ = {
			isa = XCConfigurationList;
			buildConfigurations = (
				C584ED1D294E7E850019AF5E /* Debug */,
				C584ED1E294E7E850019AF5E /* Release */,
			);
			defaultConfigurationIsVisible = 0;
			defaultConfigurationName = Release;
		};
/* End XCConfigurationList section */

/* Begin XCRemoteSwiftPackageReference section */
		C5378F22295CE64500F341A5 /* XCRemoteSwiftPackageReference "SnapKit" */ = {
			isa = XCRemoteSwiftPackageReference;
			repositoryURL = "https://github.com/SnapKit/SnapKit.git";
			requirement = {
				branch = develop;
				kind = branch;
			};
		};
/* End XCRemoteSwiftPackageReference section */

/* Begin XCSwiftPackageProductDependency section */
		C5378F23295CE64500F341A5 /* SnapKit */ = {
			isa = XCSwiftPackageProductDependency;
			package = C5378F22295CE64500F341A5 /* XCRemoteSwiftPackageReference "SnapKit" */;
			productName = SnapKit;
		};
/* End XCSwiftPackageProductDependency section */
	};
	rootObject = C584ED06294E7E840019AF5E /* Project object */;
}
